
Microsoft Visual Studio Solution File, Format Version 12.00
# Visual Studio Version 17
VisualStudioVersion = 17.9.34607.119
MinimumVisualStudioVersion = 10.0.40219.1
Project("{9A19103F-16F7-4668-BE54-9A1E7A4F7556}") = "Assignment1", "Assignment1.csproj", "{25F9D315-C265-4BFE-8761-644AD5A276FF}"
EndProject
Project("{9A19103F-16F7-4668-BE54-9A1E7A4F7556}") = "COMP2139-Lab1", "..\..\COMP2129-W2024\COMP2139-Lab1\COMP2139-Lab1.csproj", "{C8D75094-1B2D-4B7C-AC49-6DD90717AD05}"
EndProject
Global
	GlobalSection(SolutionConfigurationPlatforms) = preSolution
		Debug|Any CPU = Debug|Any CPU
		Release|Any CPU = Release|Any CPU
	EndGlobalSection
	GlobalSection(ProjectConfigurationPlatforms) = postSolution
		{25F9D315-C265-4BFE-8761-644AD5A276FF}.Debug|Any CPU.ActiveCfg = Debug|Any CPU
		{25F9D315-C265-4BFE-8761-644AD5A276FF}.Debug|Any CPU.Build.0 = Debug|Any CPU
		{25F9D315-C265-4BFE-8761-644AD5A276FF}.Release|Any CPU.ActiveCfg = Release|Any CPU
		{25F9D315-C265-4BFE-8761-644AD5A276FF}.Release|Any CPU.Build.0 = Release|Any CPU
		{C8D75094-1B2D-4B7C-AC49-6DD90717AD05}.Debug|Any CPU.ActiveCfg = Debug|Any CPU
		{C8D75094-1B2D-4B7C-AC49-6DD90717AD05}.Debug|Any CPU.Build.0 = Debug|Any CPU
		{C8D75094-1B2D-4B7C-AC49-6DD90717AD05}.Release|Any CPU.ActiveCfg = Release|Any CPU
		{C8D75094-1B2D-4B7C-AC49-6DD90717AD05}.Release|Any CPU.Build.0 = Release|Any CPU
	EndGlobalSection
	GlobalSection(SolutionProperties) = preSolution
		HideSolutionNode = FALSE
	EndGlobalSection
	GlobalSection(ExtensibilityGlobals) = postSolution
		SolutionGuid = {31976236-352D-46D6-BE72-71582E399D51}
	EndGlobalSection
EndGlobal
